
Microsoft Visual Studio Solution File, Format Version 10.00
# Visual Basic Express 2008
Project("{F184B08F-C81C-45F6-A57F-5ABD9991F28F}") = "StudentBot", "StudentBot.vbproj", "{B0A0A07E-A19B-4663-A80D-9043A7ED5763}"
EndProject
Global
	GlobalSection(SolutionConfigurationPlatforms) = preSolution
		Debug|Any CPU = Debug|Any CPU
		Release|Any CPU = Release|Any CPU
	EndGlobalSection
	GlobalSection(ProjectConfigurationPlatforms) = postSolution
		{B0A0A07E-A19B-4663-A80D-9043A7ED5763}.Debug|Any CPU.ActiveCfg = Debug|Any CPU
		{B0A0A07E-A19B-4663-A80D-9043A7ED5763}.Debug|Any CPU.Build.0 = Debug|Any CPU
		{B0A0A07E-A19B-4663-A80D-9043A7ED5763}.Release|Any CPU.ActiveCfg = Release|Any CPU
		{B0A0A07E-A19B-4663-A80D-9043A7ED5763}.Release|Any CPU.Build.0 = Release|Any CPU
	EndGlobalSection
	GlobalSection(SolutionProperties) = preSolution
		HideSolutionNode = FALSE
	EndGlobalSection
EndGlobal
